
Microsoft Visual Studio Solution File, Format Version 12.00
# Visual Studio Version 17
VisualStudioVersion = 17.8.34322.80
MinimumVisualStudioVersion = 10.0.40219.1
Project("{9A19103F-16F7-4668-BE54-9A1E7A4F7556}") = "Scraper", "Scraper\Scraper.csproj", "{B034AEA4-C86F-4783-85A9-88ACD6FB624E}"
EndProject
Global
	GlobalSection(SolutionConfigurationPlatforms) = preSolution
		Debug|Any CPU = Debug|Any CPU
		Release|Any CPU = Release|Any CPU
	EndGlobalSection
	GlobalSection(ProjectConfigurationPlatforms) = postSolution
		{B034AEA4-C86F-4783-85A9-88ACD6FB624E}.Debug|Any CPU.ActiveCfg = Debug|Any CPU
		{B034AEA4-C86F-4783-85A9-88ACD6FB624E}.Debug|Any CPU.Build.0 = Debug|Any CPU
		{B034AEA4-C86F-4783-85A9-88ACD6FB624E}.Release|Any CPU.ActiveCfg = Release|Any CPU
		{B034AEA4-C86F-4783-85A9-88ACD6FB624E}.Release|Any CPU.Build.0 = Release|Any CPU
	EndGlobalSection
	GlobalSection(SolutionProperties) = preSolution
		HideSolutionNode = FALSE
	EndGlobalSection
	GlobalSection(ExtensibilityGlobals) = postSolution
		SolutionGuid = {B047A9B5-E474-40E1-89D3-2AC7EB5226E1}
	EndGlobalSection
EndGlobal
